
Microsoft Visual Studio Solution File, Format Version 12.00
# Visual Studio Version 16
VisualStudioVersion = 16.0.31205.134
MinimumVisualStudioVersion = 10.0.40219.1
Project("{9A19103F-16F7-4668-BE54-9A1E7A4F7556}") = "Chap3", "ConsoleApp1\Chap3.csproj", "{6683C15D-9CB9-49D7-9B31-FBA99E7E18EC}"
EndProject
Project("{9A19103F-16F7-4668-BE54-9A1E7A4F7556}") = "Chap5", "ConsoleApp2\Chap5.csproj", "{68D20284-84DA-4A3D-A71C-7D2F50CD90E0}"
EndProject
Project("{9A19103F-16F7-4668-BE54-9A1E7A4F7556}") = "Chap3library", "Chap3library\Chap3library.csproj", "{04CE99C8-D63F-456D-97D5-77F668960C13}"
EndProject
Project("{9A19103F-16F7-4668-BE54-9A1E7A4F7556}") = "Chap5library", "Chap5library\Chap5library.csproj", "{8D4A6A82-BCC4-4B99-B7C9-DB9C160FA93C}"
EndProject
Project("{9A19103F-16F7-4668-BE54-9A1E7A4F7556}") = "Chap6", "Chap6\Chap6.csproj", "{C18C25EB-3B05-4F79-9FFA-BCFFEAA4AF98}"
EndProject
Project("{9A19103F-16F7-4668-BE54-9A1E7A4F7556}") = "Chap6library", "Chap6library\Chap6library.csproj", "{DA82651E-77C0-4E48-A593-7045944F29BD}"
EndProject
Project("{9A19103F-16F7-4668-BE54-9A1E7A4F7556}") = "Chap7", "Chap7\Chap7.csproj", "{BFEC9948-EA25-4674-B192-935DB53C2004}"
EndProject
Project("{9A19103F-16F7-4668-BE54-9A1E7A4F7556}") = "Chap7library", "Chap7library\Chap7library.csproj", "{F8967783-7F0A-4544-9A8B-3CC00B8069BE}"
EndProject
Project("{9A19103F-16F7-4668-BE54-9A1E7A4F7556}") = "Chap8", "Chap8\Chap8.csproj", "{99A7DE9D-7DD4-44FF-A2F2-AAA7E9632870}"
EndProject
Project("{9A19103F-16F7-4668-BE54-9A1E7A4F7556}") = "Chap8library", "Chap8library\Chap8library.csproj", "{A79D4DBD-F4CB-4AE8-AD7C-D020C9BB5172}"
EndProject
Project("{9A19103F-16F7-4668-BE54-9A1E7A4F7556}") = "Chap9", "Chap9\Chap9.csproj", "{693E1DA7-35B0-45F9-9D3F-424F8AE054D9}"
EndProject
Project("{9A19103F-16F7-4668-BE54-9A1E7A4F7556}") = "Chap9library", "Chap9library\Chap9library.csproj", "{2EF4CA49-6991-413D-81EA-93D1754C7FE7}"
EndProject
Project("{9A19103F-16F7-4668-BE54-9A1E7A4F7556}") = "Chap10", "Chap10\Chap10.csproj", "{3D5D5E1F-795D-43DF-96FF-C62305F95A8B}"
EndProject
Project("{9A19103F-16F7-4668-BE54-9A1E7A4F7556}") = "Chap10library", "Chap10library\Chap10library.csproj", "{AAC091E2-D45B-4D25-8718-DA249A5D590A}"
EndProject
Project("{9A19103F-16F7-4668-BE54-9A1E7A4F7556}") = "Chap11", "Chap11\Chap11.csproj", "{8365C6EA-16CF-4745-B9C5-AFF5DA46BACA}"
EndProject
Project("{9A19103F-16F7-4668-BE54-9A1E7A4F7556}") = "Chap12", "Chap12\Chap12.csproj", "{D97CEADB-8113-470F-85C5-4398A922EF3D}"
EndProject
Project("{9A19103F-16F7-4668-BE54-9A1E7A4F7556}") = "Chap13", "Chap13\Chap13.csproj", "{062685A6-AFF3-47D3-B786-1BF36C438988}"
EndProject
Project("{9A19103F-16F7-4668-BE54-9A1E7A4F7556}") = "Chap13library", "Chap13library\Chap13library.csproj", "{C274B6BA-9614-4CE9-BD07-E340637F53EF}"
EndProject
Project("{9A19103F-16F7-4668-BE54-9A1E7A4F7556}") = "Chap11library", "Chap11library\Chap11library.csproj", "{A4909543-724A-4AD2-B212-95635DE81E1E}"
EndProject
Project("{9A19103F-16F7-4668-BE54-9A1E7A4F7556}") = "Chap12library", "Chap12library\Chap12library.csproj", "{6E37D891-DD19-49A4-AC21-409101E2C730}"
EndProject
Project("{9A19103F-16F7-4668-BE54-9A1E7A4F7556}") = "Chap14", "Chap14\Chap14.csproj", "{0A16431C-03C1-4E3B-A77C-637E341A339D}"
EndProject
Project("{9A19103F-16F7-4668-BE54-9A1E7A4F7556}") = "Chap14library", "Chap14library\Chap14library.csproj", "{1981C945-3DF1-444B-A00B-9784A9B8363C}"
EndProject
Project("{9A19103F-16F7-4668-BE54-9A1E7A4F7556}") = "Chap15", "Chap15\Chap15.csproj", "{4A304EE8-77DB-4815-AF7D-D4AE91FCCFBA}"
EndProject
Project("{9A19103F-16F7-4668-BE54-9A1E7A4F7556}") = "Chap15library", "Chap15library\Chap15library.csproj", "{D296192C-E4A3-4A4F-9049-F78F514240ED}"
EndProject
Project("{9A19103F-16F7-4668-BE54-9A1E7A4F7556}") = "Chap16", "Chap16\Chap16.csproj", "{A8EB1717-B719-4CC4-BBEC-69EEA184AC8E}"
EndProject
Project("{9A19103F-16F7-4668-BE54-9A1E7A4F7556}") = "Chap16library", "Chap16library\Chap16library.csproj", "{9387050F-7D09-4E8A-8B18-4DE0A22B9A3B}"
EndProject
Project("{9A19103F-16F7-4668-BE54-9A1E7A4F7556}") = "WinFormsApp1", "WinFormsApp1\WinFormsApp1.csproj", "{24428350-5D53-44CB-B930-F0C2B5A0C5A0}"
EndProject
Project("{9A19103F-16F7-4668-BE54-9A1E7A4F7556}") = "WinFormsApp2", "WinFormsApp2\WinFormsApp2.csproj", "{C3C95B27-150C-4DBA-9F3A-CEBC4ACF1BEC}"
EndProject
Project("{9A19103F-16F7-4668-BE54-9A1E7A4F7556}") = "AsyncFileOWinForm", "AsyncFileOWinForm\AsyncFileOWinForm.csproj", "{A02B79D3-4AE6-46B3-86C7-EFD9C808F593}"
EndProject
Project("{9A19103F-16F7-4668-BE54-9A1E7A4F7556}") = "Chap19", "Chap19\Chap19.csproj", "{0E3D8EC6-631E-43F9-B835-90749E5609DD}"
EndProject
Project("{9A19103F-16F7-4668-BE54-9A1E7A4F7556}") = "Chap19library", "Chap19library\Chap19library.csproj", "{AECB66C3-6A85-46A5-8A39-F459A00437FA}"
EndProject
Project("{9A19103F-16F7-4668-BE54-9A1E7A4F7556}") = "Chap18", "Chap18\Chap18.csproj", "{66EBC790-F446-4B61-B980-35E645169FEB}"
EndProject
Project("{9A19103F-16F7-4668-BE54-9A1E7A4F7556}") = "Chap18library", "Chap18library\Chap18library.csproj", "{0FF5230D-CF78-4DE0-95B1-B50FB7408662}"
EndProject
Project("{9A19103F-16F7-4668-BE54-9A1E7A4F7556}") = "Chap21 Server", "Chap21 Server\Chap21 Server.csproj", "{21960779-7662-4552-9C32-FA18D15903BC}"
EndProject
Project("{9A19103F-16F7-4668-BE54-9A1E7A4F7556}") = "Chap21 Client", "Chap21 Client\Chap21 Client.csproj", "{049BBF14-6C1C-49B7-8BA4-D3630076856F}"
EndProject
Project("{FAE04EC0-301F-11D3-BF4B-00C04F79EFBC}") = "Chap21library", "Chap21library\Chap21library.csproj", "{4238F4B6-16ED-4840-AC63-C318E874EE02}"
EndProject
Project("{FAE04EC0-301F-11D3-BF4B-00C04F79EFBC}") = "FileReceiver", "FileReceiver\FileReceiver.csproj", "{87237002-179B-4317-B616-72E819141E64}"
EndProject
Project("{FAE04EC0-301F-11D3-BF4B-00C04F79EFBC}") = "FileSender", "FileSender\FileSender.csproj", "{D029F4A7-63ED-4E92-B7CD-8A8FD5668681}"
EndProject
Project("{FAE04EC0-301F-11D3-BF4B-00C04F79EFBC}") = "ServerApp", "ServerApp\ServerApp.csproj", "{C91607FC-F815-4D71-8A55-CE99A1AB6C04}"
EndProject
Project("{FAE04EC0-301F-11D3-BF4B-00C04F79EFBC}") = "ClientApp", "ClientApp\ClientApp.csproj", "{D467DE42-C477-40C3-8329-1B0B34FC0BC1}"
EndProject
Global
	GlobalSection(SolutionConfigurationPlatforms) = preSolution
		Debug|Any CPU = Debug|Any CPU
		Release|Any CPU = Release|Any CPU
	EndGlobalSection
	GlobalSection(ProjectConfigurationPlatforms) = postSolution
		{6683C15D-9CB9-49D7-9B31-FBA99E7E18EC}.Debug|Any CPU.ActiveCfg = Debug|Any CPU
		{6683C15D-9CB9-49D7-9B31-FBA99E7E18EC}.Debug|Any CPU.Build.0 = Debug|Any CPU
		{6683C15D-9CB9-49D7-9B31-FBA99E7E18EC}.Release|Any CPU.ActiveCfg = Release|Any CPU
		{6683C15D-9CB9-49D7-9B31-FBA99E7E18EC}.Release|Any CPU.Build.0 = Release|Any CPU
		{68D20284-84DA-4A3D-A71C-7D2F50CD90E0}.Debug|Any CPU.ActiveCfg = Debug|Any CPU
		{68D20284-84DA-4A3D-A71C-7D2F50CD90E0}.Debug|Any CPU.Build.0 = Debug|Any CPU
		{68D20284-84DA-4A3D-A71C-7D2F50CD90E0}.Release|Any CPU.ActiveCfg = Release|Any CPU
		{68D20284-84DA-4A3D-A71C-7D2F50CD90E0}.Release|Any CPU.Build.0 = Release|Any CPU
		{04CE99C8-D63F-456D-97D5-77F668960C13}.Debug|Any CPU.ActiveCfg = Debug|Any CPU
		{04CE99C8-D63F-456D-97D5-77F668960C13}.Debug|Any CPU.Build.0 = Debug|Any CPU
		{04CE99C8-D63F-456D-97D5-77F668960C13}.Release|Any CPU.ActiveCfg = Release|Any CPU
		{04CE99C8-D63F-456D-97D5-77F668960C13}.Release|Any CPU.Build.0 = Release|Any CPU
		{8D4A6A82-BCC4-4B99-B7C9-DB9C160FA93C}.Debug|Any CPU.ActiveCfg = Debug|Any CPU
		{8D4A6A82-BCC4-4B99-B7C9-DB9C160FA93C}.Debug|Any CPU.Build.0 = Debug|Any CPU
		{8D4A6A82-BCC4-4B99-B7C9-DB9C160FA93C}.Release|Any CPU.ActiveCfg = Release|Any CPU
		{8D4A6A82-BCC4-4B99-B7C9-DB9C160FA93C}.Release|Any CPU.Build.0 = Release|Any CPU
		{C18C25EB-3B05-4F79-9FFA-BCFFEAA4AF98}.Debug|Any CPU.ActiveCfg = Debug|Any CPU
		{C18C25EB-3B05-4F79-9FFA-BCFFEAA4AF98}.Debug|Any CPU.Build.0 = Debug|Any CPU
		{C18C25EB-3B05-4F79-9FFA-BCFFEAA4AF98}.Release|Any CPU.ActiveCfg = Release|Any CPU
		{C18C25EB-3B05-4F79-9FFA-BCFFEAA4AF98}.Release|Any CPU.Build.0 = Release|Any CPU
		{DA82651E-77C0-4E48-A593-7045944F29BD}.Debug|Any CPU.ActiveCfg = Debug|Any CPU
		{DA82651E-77C0-4E48-A593-7045944F29BD}.Debug|Any CPU.Build.0 = Debug|Any CPU
		{DA82651E-77C0-4E48-A593-7045944F29BD}.Release|Any CPU.ActiveCfg = Release|Any CPU
		{DA82651E-77C0-4E48-A593-7045944F29BD}.Release|Any CPU.Build.0 = Release|Any CPU
		{BFEC9948-EA25-4674-B192-935DB53C2004}.Debug|Any CPU.ActiveCfg = Debug|Any CPU
		{BFEC9948-EA25-4674-B192-935DB53C2004}.Debug|Any CPU.Build.0 = Debug|Any CPU
		{BFEC9948-EA25-4674-B192-935DB53C2004}.Release|Any CPU.ActiveCfg = Release|Any CPU
		{BFEC9948-EA25-4674-B192-935DB53C2004}.Release|Any CPU.Build.0 = Release|Any CPU
		{F8967783-7F0A-4544-9A8B-3CC00B8069BE}.Debug|Any CPU.ActiveCfg = Debug|Any CPU
		{F8967783-7F0A-4544-9A8B-3CC00B8069BE}.Debug|Any CPU.Build.0 = Debug|Any CPU
		{F8967783-7F0A-4544-9A8B-3CC00B8069BE}.Release|Any CPU.ActiveCfg = Release|Any CPU
		{F8967783-7F0A-4544-9A8B-3CC00B8069BE}.Release|Any CPU.Build.0 = Release|Any CPU
		{99A7DE9D-7DD4-44FF-A2F2-AAA7E9632870}.Debug|Any CPU.ActiveCfg = Debug|Any CPU
		{99A7DE9D-7DD4-44FF-A2F2-AAA7E9632870}.Debug|Any CPU.Build.0 = Debug|Any CPU
		{99A7DE9D-7DD4-44FF-A2F2-AAA7E9632870}.Release|Any CPU.ActiveCfg = Release|Any CPU
		{99A7DE9D-7DD4-44FF-A2F2-AAA7E9632870}.Release|Any CPU.Build.0 = Release|Any CPU
		{A79D4DBD-F4CB-4AE8-AD7C-D020C9BB5172}.Debug|Any CPU.ActiveCfg = Debug|Any CPU
		{A79D4DBD-F4CB-4AE8-AD7C-D020C9BB5172}.Debug|Any CPU.Build.0 = Debug|Any CPU
		{A79D4DBD-F4CB-4AE8-AD7C-D020C9BB5172}.Release|Any CPU.ActiveCfg = Release|Any CPU
		{A79D4DBD-F4CB-4AE8-AD7C-D020C9BB5172}.Release|Any CPU.Build.0 = Release|Any CPU
		{693E1DA7-35B0-45F9-9D3F-424F8AE054D9}.Debug|Any CPU.ActiveCfg = Debug|Any CPU
		{693E1DA7-35B0-45F9-9D3F-424F8AE054D9}.Debug|Any CPU.Build.0 = Debug|Any CPU
		{693E1DA7-35B0-45F9-9D3F-424F8AE054D9}.Release|Any CPU.ActiveCfg = Release|Any CPU
		{693E1DA7-35B0-45F9-9D3F-424F8AE054D9}.Release|Any CPU.Build.0 = Release|Any CPU
		{2EF4CA49-6991-413D-81EA-93D1754C7FE7}.Debug|Any CPU.ActiveCfg = Debug|Any CPU
		{2EF4CA49-6991-413D-81EA-93D1754C7FE7}.Debug|Any CPU.Build.0 = Debug|Any CPU
		{2EF4CA49-6991-413D-81EA-93D1754C7FE7}.Release|Any CPU.ActiveCfg = Release|Any CPU
		{2EF4CA49-6991-413D-81EA-93D1754C7FE7}.Release|Any CPU.Build.0 = Release|Any CPU
		{3D5D5E1F-795D-43DF-96FF-C62305F95A8B}.Debug|Any CPU.ActiveCfg = Debug|Any CPU
		{3D5D5E1F-795D-43DF-96FF-C62305F95A8B}.Debug|Any CPU.Build.0 = Debug|Any CPU
		{3D5D5E1F-795D-43DF-96FF-C62305F95A8B}.Release|Any CPU.ActiveCfg = Release|Any CPU
		{3D5D5E1F-795D-43DF-96FF-C62305F95A8B}.Release|Any CPU.Build.0 = Release|Any CPU
		{AAC091E2-D45B-4D25-8718-DA249A5D590A}.Debug|Any CPU.ActiveCfg = Debug|Any CPU
		{AAC091E2-D45B-4D25-8718-DA249A5D590A}.Debug|Any CPU.Build.0 = Debug|Any CPU
		{AAC091E2-D45B-4D25-8718-DA249A5D590A}.Release|Any CPU.ActiveCfg = Release|Any CPU
		{AAC091E2-D45B-4D25-8718-DA249A5D590A}.Release|Any CPU.Build.0 = Release|Any CPU
		{8365C6EA-16CF-4745-B9C5-AFF5DA46BACA}.Debug|Any CPU.ActiveCfg = Debug|Any CPU
		{8365C6EA-16CF-4745-B9C5-AFF5DA46BACA}.Debug|Any CPU.Build.0 = Debug|Any CPU
		{8365C6EA-16CF-4745-B9C5-AFF5DA46BACA}.Release|Any CPU.ActiveCfg = Release|Any CPU
		{8365C6EA-16CF-4745-B9C5-AFF5DA46BACA}.Release|Any CPU.Build.0 = Release|Any CPU
		{D97CEADB-8113-470F-85C5-4398A922EF3D}.Debug|Any CPU.ActiveCfg = Debug|Any CPU
		{D97CEADB-8113-470F-85C5-4398A922EF3D}.Debug|Any CPU.Build.0 = Debug|Any CPU
		{D97CEADB-8113-470F-85C5-4398A922EF3D}.Release|Any CPU.ActiveCfg = Release|Any CPU
		{D97CEADB-8113-470F-85C5-4398A922EF3D}.Release|Any CPU.Build.0 = Release|Any CPU
		{062685A6-AFF3-47D3-B786-1BF36C438988}.Debug|Any CPU.ActiveCfg = Debug|Any CPU
		{062685A6-AFF3-47D3-B786-1BF36C438988}.Debug|Any CPU.Build.0 = Debug|Any CPU
		{062685A6-AFF3-47D3-B786-1BF36C438988}.Release|Any CPU.ActiveCfg = Release|Any CPU
		{062685A6-AFF3-47D3-B786-1BF36C438988}.Release|Any CPU.Build.0 = Release|Any CPU
		{C274B6BA-9614-4CE9-BD07-E340637F53EF}.Debug|Any CPU.ActiveCfg = Debug|Any CPU
		{C274B6BA-9614-4CE9-BD07-E340637F53EF}.Debug|Any CPU.Build.0 = Debug|Any CPU
		{C274B6BA-9614-4CE9-BD07-E340637F53EF}.Release|Any CPU.ActiveCfg = Release|Any CPU
		{C274B6BA-9614-4CE9-BD07-E340637F53EF}.Release|Any CPU.Build.0 = Release|Any CPU
		{A4909543-724A-4AD2-B212-95635DE81E1E}.Debug|Any CPU.ActiveCfg = Debug|Any CPU
		{A4909543-724A-4AD2-B212-95635DE81E1E}.Debug|Any CPU.Build.0 = Debug|Any CPU
		{A4909543-724A-4AD2-B212-95635DE81E1E}.Release|Any CPU.ActiveCfg = Release|Any CPU
		{A4909543-724A-4AD2-B212-95635DE81E1E}.Release|Any CPU.Build.0 = Release|Any CPU
		{6E37D891-DD19-49A4-AC21-409101E2C730}.Debug|Any CPU.ActiveCfg = Debug|Any CPU
		{6E37D891-DD19-49A4-AC21-409101E2C730}.Debug|Any CPU.Build.0 = Debug|Any CPU
		{6E37D891-DD19-49A4-AC21-409101E2C730}.Release|Any CPU.ActiveCfg = Release|Any CPU
		{6E37D891-DD19-49A4-AC21-409101E2C730}.Release|Any CPU.Build.0 = Release|Any CPU
		{0A16431C-03C1-4E3B-A77C-637E341A339D}.Debug|Any CPU.ActiveCfg = Debug|Any CPU
		{0A16431C-03C1-4E3B-A77C-637E341A339D}.Debug|Any CPU.Build.0 = Debug|Any CPU
		{0A16431C-03C1-4E3B-A77C-637E341A339D}.Release|Any CPU.ActiveCfg = Release|Any CPU
		{0A16431C-03C1-4E3B-A77C-637E341A339D}.Release|Any CPU.Build.0 = Release|Any CPU
		{1981C945-3DF1-444B-A00B-9784A9B8363C}.Debug|Any CPU.ActiveCfg = Debug|Any CPU
		{1981C945-3DF1-444B-A00B-9784A9B8363C}.Debug|Any CPU.Build.0 = Debug|Any CPU
		{1981C945-3DF1-444B-A00B-9784A9B8363C}.Release|Any CPU.ActiveCfg = Release|Any CPU
		{1981C945-3DF1-444B-A00B-9784A9B8363C}.Release|Any CPU.Build.0 = Release|Any CPU
		{4A304EE8-77DB-4815-AF7D-D4AE91FCCFBA}.Debug|Any CPU.ActiveCfg = Debug|Any CPU
		{4A304EE8-77DB-4815-AF7D-D4AE91FCCFBA}.Debug|Any CPU.Build.0 = Debug|Any CPU
		{4A304EE8-77DB-4815-AF7D-D4AE91FCCFBA}.Release|Any CPU.ActiveCfg = Release|Any CPU
		{4A304EE8-77DB-4815-AF7D-D4AE91FCCFBA}.Release|Any CPU.Build.0 = Release|Any CPU
		{D296192C-E4A3-4A4F-9049-F78F514240ED}.Debug|Any CPU.ActiveCfg = Debug|Any CPU
		{D296192C-E4A3-4A4F-9049-F78F514240ED}.Debug|Any CPU.Build.0 = Debug|Any CPU
		{D296192C-E4A3-4A4F-9049-F78F514240ED}.Release|Any CPU.ActiveCfg = Release|Any CPU
		{D296192C-E4A3-4A4F-9049-F78F514240ED}.Release|Any CPU.Build.0 = Release|Any CPU
		{A8EB1717-B719-4CC4-BBEC-69EEA184AC8E}.Debug|Any CPU.ActiveCfg = Debug|Any CPU
		{A8EB1717-B719-4CC4-BBEC-69EEA184AC8E}.Debug|Any CPU.Build.0 = Debug|Any CPU
		{A8EB1717-B719-4CC4-BBEC-69EEA184AC8E}.Release|Any CPU.ActiveCfg = Release|Any CPU
		{A8EB1717-B719-4CC4-BBEC-69EEA184AC8E}.Release|Any CPU.Build.0 = Release|Any CPU
		{9387050F-7D09-4E8A-8B18-4DE0A22B9A3B}.Debug|Any CPU.ActiveCfg = Debug|Any CPU
		{9387050F-7D09-4E8A-8B18-4DE0A22B9A3B}.Debug|Any CPU.Build.0 = Debug|Any CPU
		{9387050F-7D09-4E8A-8B18-4DE0A22B9A3B}.Release|Any CPU.ActiveCfg = Release|Any CPU
		{9387050F-7D09-4E8A-8B18-4DE0A22B9A3B}.Release|Any CPU.Build.0 = Release|Any CPU
		{24428350-5D53-44CB-B930-F0C2B5A0C5A0}.Debug|Any CPU.ActiveCfg = Debug|Any CPU
		{24428350-5D53-44CB-B930-F0C2B5A0C5A0}.Debug|Any CPU.Build.0 = Debug|Any CPU
		{24428350-5D53-44CB-B930-F0C2B5A0C5A0}.Release|Any CPU.ActiveCfg = Release|Any CPU
		{24428350-5D53-44CB-B930-F0C2B5A0C5A0}.Release|Any CPU.Build.0 = Release|Any CPU
		{C3C95B27-150C-4DBA-9F3A-CEBC4ACF1BEC}.Debug|Any CPU.ActiveCfg = Debug|Any CPU
		{C3C95B27-150C-4DBA-9F3A-CEBC4ACF1BEC}.Debug|Any CPU.Build.0 = Debug|Any CPU
		{C3C95B27-150C-4DBA-9F3A-CEBC4ACF1BEC}.Release|Any CPU.ActiveCfg = Release|Any CPU
		{C3C95B27-150C-4DBA-9F3A-CEBC4ACF1BEC}.Release|Any CPU.Build.0 = Release|Any CPU
		{A02B79D3-4AE6-46B3-86C7-EFD9C808F593}.Debug|Any CPU.ActiveCfg = Debug|Any CPU
		{A02B79D3-4AE6-46B3-86C7-EFD9C808F593}.Debug|Any CPU.Build.0 = Debug|Any CPU
		{A02B79D3-4AE6-46B3-86C7-EFD9C808F593}.Release|Any CPU.ActiveCfg = Release|Any CPU
		{A02B79D3-4AE6-46B3-86C7-EFD9C808F593}.Release|Any CPU.Build.0 = Release|Any CPU
		{0E3D8EC6-631E-43F9-B835-90749E5609DD}.Debug|Any CPU.ActiveCfg = Debug|Any CPU
		{0E3D8EC6-631E-43F9-B835-90749E5609DD}.Debug|Any CPU.Build.0 = Debug|Any CPU
		{0E3D8EC6-631E-43F9-B835-90749E5609DD}.Release|Any CPU.ActiveCfg = Release|Any CPU
		{0E3D8EC6-631E-43F9-B835-90749E5609DD}.Release|Any CPU.Build.0 = Release|Any CPU
		{AECB66C3-6A85-46A5-8A39-F459A00437FA}.Debug|Any CPU.ActiveCfg = Debug|Any CPU
		{AECB66C3-6A85-46A5-8A39-F459A00437FA}.Debug|Any CPU.Build.0 = Debug|Any CPU
		{AECB66C3-6A85-46A5-8A39-F459A00437FA}.Release|Any CPU.ActiveCfg = Release|Any CPU
		{AECB66C3-6A85-46A5-8A39-F459A00437FA}.Release|Any CPU.Build.0 = Release|Any CPU
		{66EBC790-F446-4B61-B980-35E645169FEB}.Debug|Any CPU.ActiveCfg = Debug|Any CPU
		{66EBC790-F446-4B61-B980-35E645169FEB}.Debug|Any CPU.Build.0 = Debug|Any CPU
		{66EBC790-F446-4B61-B980-35E645169FEB}.Release|Any CPU.ActiveCfg = Release|Any CPU
		{66EBC790-F446-4B61-B980-35E645169FEB}.Release|Any CPU.Build.0 = Release|Any CPU
		{0FF5230D-CF78-4DE0-95B1-B50FB7408662}.Debug|Any CPU.ActiveCfg = Debug|Any CPU
		{0FF5230D-CF78-4DE0-95B1-B50FB7408662}.Debug|Any CPU.Build.0 = Debug|Any CPU
		{0FF5230D-CF78-4DE0-95B1-B50FB7408662}.Release|Any CPU.ActiveCfg = Release|Any CPU
		{0FF5230D-CF78-4DE0-95B1-B50FB7408662}.Release|Any CPU.Build.0 = Release|Any CPU
		{21960779-7662-4552-9C32-FA18D15903BC}.Debug|Any CPU.ActiveCfg = Debug|Any CPU
		{21960779-7662-4552-9C32-FA18D15903BC}.Debug|Any CPU.Build.0 = Debug|Any CPU
		{21960779-7662-4552-9C32-FA18D15903BC}.Release|Any CPU.ActiveCfg = Release|Any CPU
		{21960779-7662-4552-9C32-FA18D15903BC}.Release|Any CPU.Build.0 = Release|Any CPU
		{049BBF14-6C1C-49B7-8BA4-D3630076856F}.Debug|Any CPU.ActiveCfg = Debug|Any CPU
		{049BBF14-6C1C-49B7-8BA4-D3630076856F}.Debug|Any CPU.Build.0 = Debug|Any CPU
		{049BBF14-6C1C-49B7-8BA4-D3630076856F}.Release|Any CPU.ActiveCfg = Release|Any CPU
		{049BBF14-6C1C-49B7-8BA4-D3630076856F}.Release|Any CPU.Build.0 = Release|Any CPU
		{4238F4B6-16ED-4840-AC63-C318E874EE02}.Debug|Any CPU.ActiveCfg = Debug|Any CPU
		{4238F4B6-16ED-4840-AC63-C318E874EE02}.Debug|Any CPU.Build.0 = Debug|Any CPU
		{4238F4B6-16ED-4840-AC63-C318E874EE02}.Release|Any CPU.ActiveCfg = Release|Any CPU
		{4238F4B6-16ED-4840-AC63-C318E874EE02}.Release|Any CPU.Build.0 = Release|Any CPU
		{87237002-179B-4317-B616-72E819141E64}.Debug|Any CPU.ActiveCfg = Debug|Any CPU
		{87237002-179B-4317-B616-72E819141E64}.Debug|Any CPU.Build.0 = Debug|Any CPU
		{87237002-179B-4317-B616-72E819141E64}.Release|Any CPU.ActiveCfg = Release|Any CPU
		{87237002-179B-4317-B616-72E819141E64}.Release|Any CPU.Build.0 = Release|Any CPU
		{D029F4A7-63ED-4E92-B7CD-8A8FD5668681}.Debug|Any CPU.ActiveCfg = Debug|Any CPU
		{D029F4A7-63ED-4E92-B7CD-8A8FD5668681}.Debug|Any CPU.Build.0 = Debug|Any CPU
		{D029F4A7-63ED-4E92-B7CD-8A8FD5668681}.Release|Any CPU.ActiveCfg = Release|Any CPU
		{D029F4A7-63ED-4E92-B7CD-8A8FD5668681}.Release|Any CPU.Build.0 = Release|Any CPU
		{C91607FC-F815-4D71-8A55-CE99A1AB6C04}.Debug|Any CPU.ActiveCfg = Debug|Any CPU
		{C91607FC-F815-4D71-8A55-CE99A1AB6C04}.Debug|Any CPU.Build.0 = Debug|Any CPU
		{C91607FC-F815-4D71-8A55-CE99A1AB6C04}.Release|Any CPU.ActiveCfg = Release|Any CPU
		{C91607FC-F815-4D71-8A55-CE99A1AB6C04}.Release|Any CPU.Build.0 = Release|Any CPU
		{D467DE42-C477-40C3-8329-1B0B34FC0BC1}.Debug|Any CPU.ActiveCfg = Debug|Any CPU
		{D467DE42-C477-40C3-8329-1B0B34FC0BC1}.Debug|Any CPU.Build.0 = Debug|Any CPU
		{D467DE42-C477-40C3-8329-1B0B34FC0BC1}.Release|Any CPU.ActiveCfg = Release|Any CPU
		{D467DE42-C477-40C3-8329-1B0B34FC0BC1}.Release|Any CPU.Build.0 = Release|Any CPU
	EndGlobalSection
	GlobalSection(SolutionProperties) = preSolution
		HideSolutionNode = FALSE
	EndGlobalSection
	GlobalSection(ExtensibilityGlobals) = postSolution
		SolutionGuid = {3D91048B-2D1B-45EE-8EDA-7B4033B695BB}
	EndGlobalSection
EndGlobal
